
Microsoft Visual Studio Solution File, Format Version 12.00
# Visual Studio Version 17
VisualStudioVersion = 17.14.36414.22
MinimumVisualStudioVersion = 10.0.40219.1
Project("{FAE04EC0-301F-11D3-BF4B-00C04F79EFBC}") = "ApplicationCore", "ApplicationCore\ApplicationCore.csproj", "{C7D495D4-FCA8-4C46-A0EA-0B3D7F19E11B}"
EndProject
Project("{FAE04EC0-301F-11D3-BF4B-00C04F79EFBC}") = "Infrastructure", "Infrastructure\Infrastructure.csproj", "{529553E8-5BF8-4384-9C67-F6ED5180FE0F}"
EndProject
Project("{FAE04EC0-301F-11D3-BF4B-00C04F79EFBC}") = "UserInterface", "UserInterface\UserInterface.csproj", "{00DDEE09-5D77-4CC3-A9B1-6AB91102203C}"
EndProject
Global
	GlobalSection(SolutionConfigurationPlatforms) = preSolution
		Debug|Any CPU = Debug|Any CPU
		Release|Any CPU = Release|Any CPU
	EndGlobalSection
	GlobalSection(ProjectConfigurationPlatforms) = postSolution
		{C7D495D4-FCA8-4C46-A0EA-0B3D7F19E11B}.Debug|Any CPU.ActiveCfg = Debug|Any CPU
		{C7D495D4-FCA8-4C46-A0EA-0B3D7F19E11B}.Debug|Any CPU.Build.0 = Debug|Any CPU
		{C7D495D4-FCA8-4C46-A0EA-0B3D7F19E11B}.Release|Any CPU.ActiveCfg = Release|Any CPU
		{C7D495D4-FCA8-4C46-A0EA-0B3D7F19E11B}.Release|Any CPU.Build.0 = Release|Any CPU
		{529553E8-5BF8-4384-9C67-F6ED5180FE0F}.Debug|Any CPU.ActiveCfg = Debug|Any CPU
		{529553E8-5BF8-4384-9C67-F6ED5180FE0F}.Debug|Any CPU.Build.0 = Debug|Any CPU
		{529553E8-5BF8-4384-9C67-F6ED5180FE0F}.Release|Any CPU.ActiveCfg = Release|Any CPU
		{529553E8-5BF8-4384-9C67-F6ED5180FE0F}.Release|Any CPU.Build.0 = Release|Any CPU
		{00DDEE09-5D77-4CC3-A9B1-6AB91102203C}.Debug|Any CPU.ActiveCfg = Debug|Any CPU
		{00DDEE09-5D77-4CC3-A9B1-6AB91102203C}.Debug|Any CPU.Build.0 = Debug|Any CPU
		{00DDEE09-5D77-4CC3-A9B1-6AB91102203C}.Release|Any CPU.ActiveCfg = Release|Any CPU
		{00DDEE09-5D77-4CC3-A9B1-6AB91102203C}.Release|Any CPU.Build.0 = Release|Any CPU
	EndGlobalSection
	GlobalSection(SolutionProperties) = preSolution
		HideSolutionNode = FALSE
	EndGlobalSection
	GlobalSection(ExtensibilityGlobals) = postSolution
		SolutionGuid = {2E4483F7-A9B3-4E7A-B611-33D2ACB6C8E9}
	EndGlobalSection
EndGlobal
